
Microsoft Visual Studio Solution File, Format Version 12.00
# Visual Studio Version 17
VisualStudioVersion = 17.6.33723.286
MinimumVisualStudioVersion = 10.0.40219.1
Project("{FAE04EC0-301F-11D3-BF4B-00C04F79EFBC}") = "LoginScreen", "LoginScreen.csproj", "{CA6783AF-637F-4C25-AD5C-43A3BB945ACE}"
EndProject
Global
	GlobalSection(SolutionConfigurationPlatforms) = preSolution
		Debug|Any CPU = Debug|Any CPU
		Release|Any CPU = Release|Any CPU
	EndGlobalSection
	GlobalSection(ProjectConfigurationPlatforms) = postSolution
		{CA6783AF-637F-4C25-AD5C-43A3BB945ACE}.Debug|Any CPU.ActiveCfg = Debug|Any CPU
		{CA6783AF-637F-4C25-AD5C-43A3BB945ACE}.Debug|Any CPU.Build.0 = Debug|Any CPU
		{CA6783AF-637F-4C25-AD5C-43A3BB945ACE}.Release|Any CPU.ActiveCfg = Release|Any CPU
		{CA6783AF-637F-4C25-AD5C-43A3BB945ACE}.Release|Any CPU.Build.0 = Release|Any CPU
	EndGlobalSection
	GlobalSection(SolutionProperties) = preSolution
		HideSolutionNode = FALSE
	EndGlobalSection
	GlobalSection(ExtensibilityGlobals) = postSolution
		SolutionGuid = {106BCB11-1D85-4123-8D84-439D43F15D48}
	EndGlobalSection
EndGlobal
